
Microsoft Visual Studio Solution File, Format Version 12.00
# Visual Studio Version 17
VisualStudioVersion = 17.0.31903.59
MinimumVisualStudioVersion = 10.0.40219.1
Project("{9A19103F-16F7-4668-BE54-9A1E7A4F7556}") = "ConsoleApp13", "ConsoleApp13\ConsoleApp13.csproj", "{AAC1EA35-8E4E-48BA-A0D9-A6086EB418DB}"
EndProject
Project("{FAE04EC0-301F-11D3-BF4B-00C04F79EFBC}") = "Test_Array_Fundamentals", "Test_Array_Fundamentals\Test_Array_Fundamentals.csproj", "{579D559D-7118-42F7-8D43-AD1A852D3506}"
EndProject
Global
	GlobalSection(SolutionConfigurationPlatforms) = preSolution
		Debug|Any CPU = Debug|Any CPU
		Release|Any CPU = Release|Any CPU
	EndGlobalSection
	GlobalSection(ProjectConfigurationPlatforms) = postSolution
		{AAC1EA35-8E4E-48BA-A0D9-A6086EB418DB}.Debug|Any CPU.ActiveCfg = Debug|Any CPU
		{AAC1EA35-8E4E-48BA-A0D9-A6086EB418DB}.Debug|Any CPU.Build.0 = Debug|Any CPU
		{AAC1EA35-8E4E-48BA-A0D9-A6086EB418DB}.Release|Any CPU.ActiveCfg = Release|Any CPU
		{AAC1EA35-8E4E-48BA-A0D9-A6086EB418DB}.Release|Any CPU.Build.0 = Release|Any CPU
		{579D559D-7118-42F7-8D43-AD1A852D3506}.Debug|Any CPU.ActiveCfg = Debug|Any CPU
		{579D559D-7118-42F7-8D43-AD1A852D3506}.Debug|Any CPU.Build.0 = Debug|Any CPU
		{579D559D-7118-42F7-8D43-AD1A852D3506}.Release|Any CPU.ActiveCfg = Release|Any CPU
		{579D559D-7118-42F7-8D43-AD1A852D3506}.Release|Any CPU.Build.0 = Release|Any CPU
	EndGlobalSection
	GlobalSection(SolutionProperties) = preSolution
		HideSolutionNode = FALSE
	EndGlobalSection
	GlobalSection(ExtensibilityGlobals) = postSolution
		SolutionGuid = {DF7E6A06-23FC-4396-A385-3A737D009CA3}
	EndGlobalSection
EndGlobal
